// !$*UTF8*$!
{
	archiveVersion = 1;
	classes = {
	};
	objectVersion = 50;
	objects = {

/* Begin PBXBuildFile section */
		50E399A22BDE3E1021DBF0FB /* Pods_STSTestTaskTests.framework in Frameworks */ = {isa = PBXBuildFile; fileRef = C42FC738B57D793B1D392B0A /* Pods_STSTestTaskTests.framework */; };
		606CDC932BEED73B5190DC4D /* Pods_STSTestTask.framework in Frameworks */ = {isa = PBXBuildFile; fileRef = 4FBE737AB4567753EEA2E8AD /* Pods_STSTestTask.framework */; };
		617EC0E4E407DD18FFED1A55 /* MainViewAssembly.swift in Sources */ = {isa = PBXBuildFile; fileRef = 617EC3BF3B2E6EBC89CBE958 /* MainViewAssembly.swift */; };
		617EC122D7D50CF30FDE8E75 /* Event.swift in Sources */ = {isa = PBXBuildFile; fileRef = 617EC40C6F982D949F297D48 /* Event.swift */; };
		617EC14E916622272AF7CAB7 /* DetailAssembly.swift in Sources */ = {isa = PBXBuildFile; fileRef = 617ECB0AC1FABE32351A9062 /* DetailAssembly.swift */; };
		617EC4E011ACB9DA474DEF3D /* DetailViewModel.swift in Sources */ = {isa = PBXBuildFile; fileRef = 617ECF40B3BBA6B6022EA0DD /* DetailViewModel.swift */; };
		617EC574EA7A027733D26B15 /* MainViewController.swift in Sources */ = {isa = PBXBuildFile; fileRef = 617EC6036F74062EC7B03768 /* MainViewController.swift */; };
		617EC5BFEFE851D22E7C9AAA /* Main.storyboard in Resources */ = {isa = PBXBuildFile; fileRef = 617ECA34034BC84F68D3BE25 /* Main.storyboard */; };
		617EC69384DAEE53B83459E5 /* MainViewModel.swift in Sources */ = {isa = PBXBuildFile; fileRef = 617EC66607EB6E1046AF0CC9 /* MainViewModel.swift */; };
		617EC75B6FF59219669DF1DD /* RepositoryAssembly.swift in Sources */ = {isa = PBXBuildFile; fileRef = 617ECB43CB40D941B06A5183 /* RepositoryAssembly.swift */; };
		617EC7E1C43C74BB26C15F60 /* Notice.swift in Sources */ = {isa = PBXBuildFile; fileRef = 617ECFA0FDFB2B6178B15F8A /* Notice.swift */; };
		617ECB1E05A9A16B29FF047D /* DataRepository.swift in Sources */ = {isa = PBXBuildFile; fileRef = 617ECB2A4964A5BB85C06724 /* DataRepository.swift */; };
		617ECB9F671669501B89D57B /* Detail.storyboard in Resources */ = {isa = PBXBuildFile; fileRef = 617ECB04B27DFDD2DDE1BE49 /* Detail.storyboard */; };
		617ECBB96C0C7AFD92335FB9 /* Move.swift in Sources */ = {isa = PBXBuildFile; fileRef = 617ECDB073D12FEDE4610379 /* Move.swift */; };
		617ECBD89BAA42E9B2EDB5F3 /* ServiceAssembly.swift in Sources */ = {isa = PBXBuildFile; fileRef = 617EC65EEB965B7A7342C865 /* ServiceAssembly.swift */; };
		617ECBF25E68D98953F5342F /* AnyDataProtocol.swift in Sources */ = {isa = PBXBuildFile; fileRef = 617EC873CC0FCCEEEB54448D /* AnyDataProtocol.swift */; };
		617ECE53C7749F68770DCE71 /* DetailViewController.swift in Sources */ = {isa = PBXBuildFile; fileRef = 617ECB18F11912C572BFC8D8 /* DetailViewController.swift */; };
		EB519950237FE8D500049D67 /* AppDelegate.swift in Sources */ = {isa = PBXBuildFile; fileRef = EB51994F237FE8D500049D67 /* AppDelegate.swift */; };
		EB519959237FE8D700049D67 /* Assets.xcassets in Resources */ = {isa = PBXBuildFile; fileRef = EB519958237FE8D700049D67 /* Assets.xcassets */; };
		EB51995C237FE8D700049D67 /* LaunchScreen.storyboard in Resources */ = {isa = PBXBuildFile; fileRef = EB51995A237FE8D700049D67 /* LaunchScreen.storyboard */; };
		EB519967237FE8D700049D67 /* STSTestTaskTests.swift in Sources */ = {isa = PBXBuildFile; fileRef = EB519966237FE8D700049D67 /* STSTestTaskTests.swift */; };
		EB51998D237FF01800049D67 /* DataService.swift in Sources */ = {isa = PBXBuildFile; fileRef = EB51998C237FF01800049D67 /* DataService.swift */; };
/* End PBXBuildFile section */

/* Begin PBXContainerItemProxy section */
		EB519963237FE8D700049D67 /* PBXContainerItemProxy */ = {
			isa = PBXContainerItemProxy;
			containerPortal = EB519944237FE8D500049D67 /* Project object */;
			proxyType = 1;
			remoteGlobalIDString = EB51994B237FE8D500049D67;
			remoteInfo = STSTestTask;
		};
/* End PBXContainerItemProxy section */

/* Begin PBXFileReference section */
		2B167537787352C0E5F675A2 /* Pods-STSTestTaskTests.debug.xcconfig */ = {isa = PBXFileReference; includeInIndex = 1; lastKnownFileType = text.xcconfig; name = "Pods-STSTestTaskTests.debug.xcconfig"; path = "Pods/Target Support Files/Pods-STSTestTaskTests/Pods-STSTestTaskTests.debug.xcconfig"; sourceTree = "<group>"; };
		3BD85A0DAB1EE4D2D9010CA0 /* Pods-STSTestTask.release.xcconfig */ = {isa = PBXFileReference; includeInIndex = 1; lastKnownFileType = text.xcconfig; name = "Pods-STSTestTask.release.xcconfig"; path = "Pods/Target Support Files/Pods-STSTestTask/Pods-STSTestTask.release.xcconfig"; sourceTree = "<group>"; };
		4FBE737AB4567753EEA2E8AD /* Pods_STSTestTask.framework */ = {isa = PBXFileReference; explicitFileType = wrapper.framework; includeInIndex = 0; path = Pods_STSTestTask.framework; sourceTree = BUILT_PRODUCTS_DIR; };
		617EC3BF3B2E6EBC89CBE958 /* MainViewAssembly.swift */ = {isa = PBXFileReference; fileEncoding = 4; lastKnownFileType = sourcecode.swift; path = MainViewAssembly.swift; sourceTree = "<group>"; };
		617EC40C6F982D949F297D48 /* Event.swift */ = {isa = PBXFileReference; fileEncoding = 4; lastKnownFileType = sourcecode.swift; path = Event.swift; sourceTree = "<group>"; };
		617EC6036F74062EC7B03768 /* MainViewController.swift */ = {isa = PBXFileReference; fileEncoding = 4; lastKnownFileType = sourcecode.swift; path = MainViewController.swift; sourceTree = "<group>"; };
		617EC65EEB965B7A7342C865 /* ServiceAssembly.swift */ = {isa = PBXFileReference; fileEncoding = 4; lastKnownFileType = sourcecode.swift; path = ServiceAssembly.swift; sourceTree = "<group>"; };
		617EC66607EB6E1046AF0CC9 /* MainViewModel.swift */ = {isa = PBXFileReference; fileEncoding = 4; lastKnownFileType = sourcecode.swift; path = MainViewModel.swift; sourceTree = "<group>"; };
		617EC873CC0FCCEEEB54448D /* AnyDataProtocol.swift */ = {isa = PBXFileReference; fileEncoding = 4; lastKnownFileType = sourcecode.swift; path = AnyDataProtocol.swift; sourceTree = "<group>"; };
		617ECA34034BC84F68D3BE25 /* Main.storyboard */ = {isa = PBXFileReference; lastKnownFileType = file.storyboard; path = Main.storyboard; sourceTree = "<group>"; };
		617ECB04B27DFDD2DDE1BE49 /* Detail.storyboard */ = {isa = PBXFileReference; lastKnownFileType = file.storyboard; path = Detail.storyboard; sourceTree = "<group>"; };
		617ECB0AC1FABE32351A9062 /* DetailAssembly.swift */ = {isa = PBXFileReference; fileEncoding = 4; lastKnownFileType = sourcecode.swift; path = DetailAssembly.swift; sourceTree = "<group>"; };
		617ECB18F11912C572BFC8D8 /* DetailViewController.swift */ = {isa = PBXFileReference; fileEncoding = 4; lastKnownFileType = sourcecode.swift; path = DetailViewController.swift; sourceTree = "<group>"; };
		617ECB2A4964A5BB85C06724 /* DataRepository.swift */ = {isa = PBXFileReference; fileEncoding = 4; lastKnownFileType = sourcecode.swift; path = DataRepository.swift; sourceTree = "<group>"; };
		617ECB43CB40D941B06A5183 /* RepositoryAssembly.swift */ = {isa = PBXFileReference; fileEncoding = 4; lastKnownFileType = sourcecode.swift; path = RepositoryAssembly.swift; sourceTree = "<group>"; };
		617ECDB073D12FEDE4610379 /* Move.swift */ = {isa = PBXFileReference; fileEncoding = 4; lastKnownFileType = sourcecode.swift; path = Move.swift; sourceTree = "<group>"; };
		617ECF40B3BBA6B6022EA0DD /* DetailViewModel.swift */ = {isa = PBXFileReference; fileEncoding = 4; lastKnownFileType = sourcecode.swift; path = DetailViewModel.swift; sourceTree = "<group>"; };
		617ECFA0FDFB2B6178B15F8A /* Notice.swift */ = {isa = PBXFileReference; fileEncoding = 4; lastKnownFileType = sourcecode.swift; path = Notice.swift; sourceTree = "<group>"; };
		C42FC738B57D793B1D392B0A /* Pods_STSTestTaskTests.framework */ = {isa = PBXFileReference; explicitFileType = wrapper.framework; includeInIndex = 0; path = Pods_STSTestTaskTests.framework; sourceTree = BUILT_PRODUCTS_DIR; };
		C915BB772B017F67642E2227 /* Pods-STSTestTaskTests.release.xcconfig */ = {isa = PBXFileReference; includeInIndex = 1; lastKnownFileType = text.xcconfig; name = "Pods-STSTestTaskTests.release.xcconfig"; path = "Pods/Target Support Files/Pods-STSTestTaskTests/Pods-STSTestTaskTests.release.xcconfig"; sourceTree = "<group>"; };
		D1F225A8E92E4A10AFE18A45 /* Pods-STSTestTask.debug.xcconfig */ = {isa = PBXFileReference; includeInIndex = 1; lastKnownFileType = text.xcconfig; name = "Pods-STSTestTask.debug.xcconfig"; path = "Pods/Target Support Files/Pods-STSTestTask/Pods-STSTestTask.debug.xcconfig"; sourceTree = "<group>"; };
		EB51994C237FE8D500049D67 /* STSTestTask.app */ = {isa = PBXFileReference; explicitFileType = wrapper.application; includeInIndex = 0; path = STSTestTask.app; sourceTree = BUILT_PRODUCTS_DIR; };
		EB51994F237FE8D500049D67 /* AppDelegate.swift */ = {isa = PBXFileReference; lastKnownFileType = sourcecode.swift; path = AppDelegate.swift; sourceTree = "<group>"; };
		EB519958237FE8D700049D67 /* Assets.xcassets */ = {isa = PBXFileReference; lastKnownFileType = folder.assetcatalog; path = Assets.xcassets; sourceTree = "<group>"; };
		EB51995B237FE8D700049D67 /* Base */ = {isa = PBXFileReference; lastKnownFileType = file.storyboard; name = Base; path = Base.lproj/LaunchScreen.storyboard; sourceTree = "<group>"; };
		EB51995D237FE8D700049D67 /* Info.plist */ = {isa = PBXFileReference; lastKnownFileType = text.plist.xml; path = Info.plist; sourceTree = "<group>"; };
		EB519962237FE8D700049D67 /* STSTestTaskTests.xctest */ = {isa = PBXFileReference; explicitFileType = wrapper.cfbundle; includeInIndex = 0; path = STSTestTaskTests.xctest; sourceTree = BUILT_PRODUCTS_DIR; };
		EB519966237FE8D700049D67 /* STSTestTaskTests.swift */ = {isa = PBXFileReference; lastKnownFileType = sourcecode.swift; path = STSTestTaskTests.swift; sourceTree = "<group>"; };
		EB519968237FE8D700049D67 /* Info.plist */ = {isa = PBXFileReference; lastKnownFileType = text.plist.xml; path = Info.plist; sourceTree = "<group>"; };
		EB51998C237FF01800049D67 /* DataService.swift */ = {isa = PBXFileReference; lastKnownFileType = sourcecode.swift; path = DataService.swift; sourceTree = "<group>"; };
/* End PBXFileReference section */

/* Begin PBXFrameworksBuildPhase section */
		EB519949237FE8D500049D67 /* Frameworks */ = {
			isa = PBXFrameworksBuildPhase;
			buildActionMask = 2147483647;
			files = (
				606CDC932BEED73B5190DC4D /* Pods_STSTestTask.framework in Frameworks */,
			);
			runOnlyForDeploymentPostprocessing = 0;
		};
		EB51995F237FE8D700049D67 /* Frameworks */ = {
			isa = PBXFrameworksBuildPhase;
			buildActionMask = 2147483647;
			files = (
				50E399A22BDE3E1021DBF0FB /* Pods_STSTestTaskTests.framework in Frameworks */,
			);
			runOnlyForDeploymentPostprocessing = 0;
		};
/* End PBXFrameworksBuildPhase section */

/* Begin PBXGroup section */
		358A5E73867C844585618D65 /* Pods */ = {
			isa = PBXGroup;
			children = (
				D1F225A8E92E4A10AFE18A45 /* Pods-STSTestTask.debug.xcconfig */,
				3BD85A0DAB1EE4D2D9010CA0 /* Pods-STSTestTask.release.xcconfig */,
				2B167537787352C0E5F675A2 /* Pods-STSTestTaskTests.debug.xcconfig */,
				C915BB772B017F67642E2227 /* Pods-STSTestTaskTests.release.xcconfig */,
			);
			name = Pods;
			sourceTree = "<group>";
		};
		617EC24E23F86AC57485CB22 /* Structs */ = {
			isa = PBXGroup;
			children = (
				617ECFA0FDFB2B6178B15F8A /* Notice.swift */,
			);
			path = Structs;
			sourceTree = "<group>";
		};
		617EC647A496A2C201FE574B /* MainView */ = {
			isa = PBXGroup;
			children = (
				617ECA34034BC84F68D3BE25 /* Main.storyboard */,
				617EC6036F74062EC7B03768 /* MainViewController.swift */,
				617EC3BF3B2E6EBC89CBE958 /* MainViewAssembly.swift */,
				617EC66607EB6E1046AF0CC9 /* MainViewModel.swift */,
			);
			path = MainView;
			sourceTree = "<group>";
		};
		617ECB177D44B2FDE3ACE176 /* Enums */ = {
			isa = PBXGroup;
			children = (
			);
			path = Enums;
			sourceTree = "<group>";
		};
		617ECBB02E84C5E00562F8DD /* Classes */ = {
			isa = PBXGroup;
			children = (
				617EC40C6F982D949F297D48 /* Event.swift */,
				617ECDB073D12FEDE4610379 /* Move.swift */,
			);
			path = Classes;
			sourceTree = "<group>";
		};
		617ECD1A028D1B4D0D754538 /* Protocols */ = {
			isa = PBXGroup;
			children = (
				617EC873CC0FCCEEEB54448D /* AnyDataProtocol.swift */,
			);
			path = Protocols;
			sourceTree = "<group>";
		};
		617ECFD87A3BBD7839FBBCBF /* Detail */ = {
			isa = PBXGroup;
			children = (
				617ECB04B27DFDD2DDE1BE49 /* Detail.storyboard */,
				617ECB18F11912C572BFC8D8 /* DetailViewController.swift */,
				617ECB0AC1FABE32351A9062 /* DetailAssembly.swift */,
				617ECF40B3BBA6B6022EA0DD /* DetailViewModel.swift */,
			);
			path = Detail;
			sourceTree = "<group>";
		};
		7D06D29D6D7F6F8168DB0DAD /* Frameworks */ = {
			isa = PBXGroup;
			children = (
				4FBE737AB4567753EEA2E8AD /* Pods_STSTestTask.framework */,
				C42FC738B57D793B1D392B0A /* Pods_STSTestTaskTests.framework */,
			);
			name = Frameworks;
			sourceTree = "<group>";
		};
		EB519943237FE8D500049D67 = {
			isa = PBXGroup;
			children = (
				EB51994E237FE8D500049D67 /* STSTestTask */,
				EB519965237FE8D700049D67 /* STSTestTaskTests */,
				EB51994D237FE8D500049D67 /* Products */,
				358A5E73867C844585618D65 /* Pods */,
				7D06D29D6D7F6F8168DB0DAD /* Frameworks */,
			);
			sourceTree = "<group>";
		};
		EB51994D237FE8D500049D67 /* Products */ = {
			isa = PBXGroup;
			children = (
				EB51994C237FE8D500049D67 /* STSTestTask.app */,
				EB519962237FE8D700049D67 /* STSTestTaskTests.xctest */,
			);
			name = Products;
			sourceTree = "<group>";
		};
		EB51994E237FE8D500049D67 /* STSTestTask */ = {
			isa = PBXGroup;
			children = (
				EB519977237FED8900049D67 /* Common */,
				EB519974237FED6C00049D67 /* BussinessLogicLayer */,
				EB519973237FEA7F00049D67 /* Models */,
				EB519972237FEA6C00049D67 /* Resources */,
				EB519971237FEA2A00049D67 /* Moduls */,
			);
			path = STSTestTask;
			sourceTree = "<group>";
		};
		EB519965237FE8D700049D67 /* STSTestTaskTests */ = {
			isa = PBXGroup;
			children = (
				EB519966237FE8D700049D67 /* STSTestTaskTests.swift */,
				EB519968237FE8D700049D67 /* Info.plist */,
			);
			path = STSTestTaskTests;
			sourceTree = "<group>";
		};
		EB519971237FEA2A00049D67 /* Moduls */ = {
			isa = PBXGroup;
			children = (
				EB519978237FEDA400049D67 /* LaunchScreen */,
				617ECFD87A3BBD7839FBBCBF /* Detail */,
				617EC647A496A2C201FE574B /* MainView */,
			);
			path = Moduls;
			sourceTree = "<group>";
		};
		EB519972237FEA6C00049D67 /* Resources */ = {
			isa = PBXGroup;
			children = (
				EB519958237FE8D700049D67 /* Assets.xcassets */,
				EB51995D237FE8D700049D67 /* Info.plist */,
			);
			path = Resources;
			sourceTree = "<group>";
		};
		EB519973237FEA7F00049D67 /* Models */ = {
			isa = PBXGroup;
			children = (
				617EC24E23F86AC57485CB22 /* Structs */,
				617ECBB02E84C5E00562F8DD /* Classes */,
				617ECD1A028D1B4D0D754538 /* Protocols */,
				617ECB177D44B2FDE3ACE176 /* Enums */,
			);
			path = Models;
			sourceTree = "<group>";
		};
		EB519974237FED6C00049D67 /* BussinessLogicLayer */ = {
			isa = PBXGroup;
			children = (
				EB519976237FED7E00049D67 /* Repositories */,
				EB519975237FED7800049D67 /* Services */,
			);
			path = BussinessLogicLayer;
			sourceTree = "<group>";
		};
		EB519975237FED7800049D67 /* Services */ = {
			isa = PBXGroup;
			children = (
				EB51998C237FF01800049D67 /* DataService.swift */,
				617EC65EEB965B7A7342C865 /* ServiceAssembly.swift */,
			);
			path = Services;
			sourceTree = "<group>";
		};
		EB519976237FED7E00049D67 /* Repositories */ = {
			isa = PBXGroup;
			children = (
				617ECB2A4964A5BB85C06724 /* DataRepository.swift */,
				617ECB43CB40D941B06A5183 /* RepositoryAssembly.swift */,
			);
			path = Repositories;
			sourceTree = "<group>";
		};
		EB519977237FED8900049D67 /* Common */ = {
			isa = PBXGroup;
			children = (
				EB51994F237FE8D500049D67 /* AppDelegate.swift */,
			);
			path = Common;
			sourceTree = "<group>";
		};
		EB519978237FEDA400049D67 /* LaunchScreen */ = {
			isa = PBXGroup;
			children = (
				EB51995A237FE8D700049D67 /* LaunchScreen.storyboard */,
			);
			path = LaunchScreen;
			sourceTree = "<group>";
		};
/* End PBXGroup section */

/* Begin PBXNativeTarget section */
		EB51994B237FE8D500049D67 /* STSTestTask */ = {
			isa = PBXNativeTarget;
			buildConfigurationList = EB51996B237FE8D700049D67 /* Build configuration list for PBXNativeTarget "STSTestTask" */;
			buildPhases = (
				ED9DD12FB17FC16FDAD9AEF1 /* [CP] Check Pods Manifest.lock */,
				EB519948237FE8D500049D67 /* Sources */,
				EB519949237FE8D500049D67 /* Frameworks */,
				EB51994A237FE8D500049D67 /* Resources */,
				D8E4E7A3AD85422C30CC3DCC /* [CP] Embed Pods Frameworks */,
			);
			buildRules = (
			);
			dependencies = (
			);
			name = STSTestTask;
			productName = STSTestTask;
			productReference = EB51994C237FE8D500049D67 /* STSTestTask.app */;
			productType = "com.apple.product-type.application";
		};
		EB519961237FE8D700049D67 /* STSTestTaskTests */ = {
			isa = PBXNativeTarget;
			buildConfigurationList = EB51996E237FE8D700049D67 /* Build configuration list for PBXNativeTarget "STSTestTaskTests" */;
			buildPhases = (
				A20B99B5321E260B7B88B3B5 /* [CP] Check Pods Manifest.lock */,
				EB51995E237FE8D700049D67 /* Sources */,
				EB51995F237FE8D700049D67 /* Frameworks */,
				EB519960237FE8D700049D67 /* Resources */,
			);
			buildRules = (
			);
			dependencies = (
				EB519964237FE8D700049D67 /* PBXTargetDependency */,
			);
			name = STSTestTaskTests;
			productName = STSTestTaskTests;
			productReference = EB519962237FE8D700049D67 /* STSTestTaskTests.xctest */;
			productType = "com.apple.product-type.bundle.unit-test";
		};
/* End PBXNativeTarget section */

/* Begin PBXProject section */
		EB519944237FE8D500049D67 /* Project object */ = {
			isa = PBXProject;
			attributes = {
				LastSwiftUpdateCheck = 1120;
				LastUpgradeCheck = 1120;
				ORGANIZATIONNAME = bently_93;
				TargetAttributes = {
					EB51994B237FE8D500049D67 = {
						CreatedOnToolsVersion = 11.2.1;
					};
					EB519961237FE8D700049D67 = {
						CreatedOnToolsVersion = 11.2.1;
						TestTargetID = EB51994B237FE8D500049D67;
					};
				};
			};
			buildConfigurationList = EB519947237FE8D500049D67 /* Build configuration list for PBXProject "STSTestTask" */;
			compatibilityVersion = "Xcode 9.3";
			developmentRegion = en;
			hasScannedForEncodings = 0;
			knownRegions = (
				en,
				Base,
			);
			mainGroup = EB519943237FE8D500049D67;
			productRefGroup = EB51994D237FE8D500049D67 /* Products */;
			projectDirPath = "";
			projectRoot = "";
			targets = (
				EB51994B237FE8D500049D67 /* STSTestTask */,
				EB519961237FE8D700049D67 /* STSTestTaskTests */,
			);
		};
/* End PBXProject section */

/* Begin PBXResourcesBuildPhase section */
		EB51994A237FE8D500049D67 /* Resources */ = {
			isa = PBXResourcesBuildPhase;
			buildActionMask = 2147483647;
			files = (
				EB51995C237FE8D700049D67 /* LaunchScreen.storyboard in Resources */,
				EB519959237FE8D700049D67 /* Assets.xcassets in Resources */,
				617ECB9F671669501B89D57B /* Detail.storyboard in Resources */,
				617EC5BFEFE851D22E7C9AAA /* Main.storyboard in Resources */,
			);
			runOnlyForDeploymentPostprocessing = 0;
		};
		EB519960237FE8D700049D67 /* Resources */ = {
			isa = PBXResourcesBuildPhase;
			buildActionMask = 2147483647;
			files = (
			);
			runOnlyForDeploymentPostprocessing = 0;
		};
/* End PBXResourcesBuildPhase section */

/* Begin PBXShellScriptBuildPhase section */
		A20B99B5321E260B7B88B3B5 /* [CP] Check Pods Manifest.lock */ = {
			isa = PBXShellScriptBuildPhase;
			buildActionMask = 2147483647;
			files = (
			);
			inputFileListPaths = (
			);
			inputPaths = (
				"${PODS_PODFILE_DIR_PATH}/Podfile.lock",
				"${PODS_ROOT}/Manifest.lock",
			);
			name = "[CP] Check Pods Manifest.lock";
			outputFileListPaths = (
			);
			outputPaths = (
				"$(DERIVED_FILE_DIR)/Pods-STSTestTaskTests-checkManifestLockResult.txt",
			);
			runOnlyForDeploymentPostprocessing = 0;
			shellPath = /bin/sh;
			shellScript = "diff \"${PODS_PODFILE_DIR_PATH}/Podfile.lock\" \"${PODS_ROOT}/Manifest.lock\" > /dev/null\nif [ $? != 0 ] ; then\n    # print error to STDERR\n    echo \"error: The sandbox is not in sync with the Podfile.lock. Run 'pod install' or update your CocoaPods installation.\" >&2\n    exit 1\nfi\n# This output is used by Xcode 'outputs' to avoid re-running this script phase.\necho \"SUCCESS\" > \"${SCRIPT_OUTPUT_FILE_0}\"\n";
			showEnvVarsInLog = 0;
		};
		D8E4E7A3AD85422C30CC3DCC /* [CP] Embed Pods Frameworks */ = {
			isa = PBXShellScriptBuildPhase;
			buildActionMask = 2147483647;
			files = (
			);
			inputFileListPaths = (
			);
			inputPaths = (
				"${SRCROOT}/Pods/Target Support Files/Pods-STSTestTask/Pods-STSTestTask-frameworks.sh",
				"${BUILT_PRODUCTS_DIR}/EasyDi/EasyDi.framework",
				"${BUILT_PRODUCTS_DIR}/RxCocoa/RxCocoa.framework",
				"${BUILT_PRODUCTS_DIR}/RxRelay/RxRelay.framework",
				"${BUILT_PRODUCTS_DIR}/RxSwift/RxSwift.framework",
			);
			name = "[CP] Embed Pods Frameworks";
			outputFileListPaths = (
			);
			outputPaths = (
				"${TARGET_BUILD_DIR}/${FRAMEWORKS_FOLDER_PATH}/EasyDi.framework",
				"${TARGET_BUILD_DIR}/${FRAMEWORKS_FOLDER_PATH}/RxCocoa.framework",
				"${TARGET_BUILD_DIR}/${FRAMEWORKS_FOLDER_PATH}/RxRelay.framework",
				"${TARGET_BUILD_DIR}/${FRAMEWORKS_FOLDER_PATH}/RxSwift.framework",
			);
			runOnlyForDeploymentPostprocessing = 0;
			shellPath = /bin/sh;
			shellScript = "\"${SRCROOT}/Pods/Target Support Files/Pods-STSTestTask/Pods-STSTestTask-frameworks.sh\"\n";
			showEnvVarsInLog = 0;
		};
		ED9DD12FB17FC16FDAD9AEF1 /* [CP] Check Pods Manifest.lock */ = {
			isa = PBXShellScriptBuildPhase;
			buildActionMask = 2147483647;
			files = (
			);
			inputFileListPaths = (
			);
			inputPaths = (
				"${PODS_PODFILE_DIR_PATH}/Podfile.lock",
				"${PODS_ROOT}/Manifest.lock",
			);
			name = "[CP] Check Pods Manifest.lock";
			outputFileListPaths = (
			);
			outputPaths = (
				"$(DERIVED_FILE_DIR)/Pods-STSTestTask-checkManifestLockResult.txt",
			);
			runOnlyForDeploymentPostprocessing = 0;
			shellPath = /bin/sh;
			shellScript = "diff \"${PODS_PODFILE_DIR_PATH}/Podfile.lock\" \"${PODS_ROOT}/Manifest.lock\" > /dev/null\nif [ $? != 0 ] ; then\n    # print error to STDERR\n    echo \"error: The sandbox is not in sync with the Podfile.lock. Run 'pod install' or update your CocoaPods installation.\" >&2\n    exit 1\nfi\n# This output is used by Xcode 'outputs' to avoid re-running this script phase.\necho \"SUCCESS\" > \"${SCRIPT_OUTPUT_FILE_0}\"\n";
			showEnvVarsInLog = 0;
		};
/* End PBXShellScriptBuildPhase section */

/* Begin PBXSourcesBuildPhase section */
		EB519948237FE8D500049D67 /* Sources */ = {
			isa = PBXSourcesBuildPhase;
			buildActionMask = 2147483647;
			files = (
				EB519950237FE8D500049D67 /* AppDelegate.swift in Sources */,
				EB51998D237FF01800049D67 /* DataService.swift in Sources */,
				617ECB1E05A9A16B29FF047D /* DataRepository.swift in Sources */,
				617EC75B6FF59219669DF1DD /* RepositoryAssembly.swift in Sources */,
				617ECBD89BAA42E9B2EDB5F3 /* ServiceAssembly.swift in Sources */,
				617ECE53C7749F68770DCE71 /* DetailViewController.swift in Sources */,
				617EC14E916622272AF7CAB7 /* DetailAssembly.swift in Sources */,
				617EC4E011ACB9DA474DEF3D /* DetailViewModel.swift in Sources */,
				617EC574EA7A027733D26B15 /* MainViewController.swift in Sources */,
				617EC0E4E407DD18FFED1A55 /* MainViewAssembly.swift in Sources */,
				617EC69384DAEE53B83459E5 /* MainViewModel.swift in Sources */,
				617EC7E1C43C74BB26C15F60 /* Notice.swift in Sources */,
				617ECBF25E68D98953F5342F /* AnyDataProtocol.swift in Sources */,
				617EC122D7D50CF30FDE8E75 /* Event.swift in Sources */,
				617ECBB96C0C7AFD92335FB9 /* Move.swift in Sources */,
			);
			runOnlyForDeploymentPostprocessing = 0;
		};
		EB51995E237FE8D700049D67 /* Sources */ = {
			isa = PBXSourcesBuildPhase;
			buildActionMask = 2147483647;
			files = (
				EB519967237FE8D700049D67 /* STSTestTaskTests.swift in Sources */,
			);
			runOnlyForDeploymentPostprocessing = 0;
		};
/* End PBXSourcesBuildPhase section */

/* Begin PBXTargetDependency section */
		EB519964237FE8D700049D67 /* PBXTargetDependency */ = {
			isa = PBXTargetDependency;
			target = EB51994B237FE8D500049D67 /* STSTestTask */;
			targetProxy = EB519963237FE8D700049D67 /* PBXContainerItemProxy */;
		};
/* End PBXTargetDependency section */

/* Begin PBXVariantGroup section */
		EB51995A237FE8D700049D67 /* LaunchScreen.storyboard */ = {
			isa = PBXVariantGroup;
			children = (
				EB51995B237FE8D700049D67 /* Base */,
			);
			name = LaunchScreen.storyboard;
			sourceTree = "<group>";
		};
/* End PBXVariantGroup section */

/* Begin XCBuildConfiguration section */
		EB519969237FE8D700049D67 /* Debug */ = {
			isa = XCBuildConfiguration;
			buildSettings = {
				ALWAYS_SEARCH_USER_PATHS = NO;
				CLANG_ANALYZER_NONNULL = YES;
				CLANG_ANALYZER_NUMBER_OBJECT_CONVERSION = YES_AGGRESSIVE;
				CLANG_CXX_LANGUAGE_STANDARD = "gnu++14";
				CLANG_CXX_LIBRARY = "libc++";
				CLANG_ENABLE_MODULES = YES;
				CLANG_ENABLE_OBJC_ARC = YES;
				CLANG_ENABLE_OBJC_WEAK = YES;
				CLANG_WARN_BLOCK_CAPTURE_AUTORELEASING = YES;
				CLANG_WARN_BOOL_CONVERSION = YES;
				CLANG_WARN_COMMA = YES;
				CLANG_WARN_CONSTANT_CONVERSION = YES;
				CLANG_WARN_DEPRECATED_OBJC_IMPLEMENTATIONS = YES;
				CLANG_WARN_DIRECT_OBJC_ISA_USAGE = YES_ERROR;
				CLANG_WARN_DOCUMENTATION_COMMENTS = YES;
				CLANG_WARN_EMPTY_BODY = YES;
				CLANG_WARN_ENUM_CONVERSION = YES;
				CLANG_WARN_INFINITE_RECURSION = YES;
				CLANG_WARN_INT_CONVERSION = YES;
				CLANG_WARN_NON_LITERAL_NULL_CONVERSION = YES;
				CLANG_WARN_OBJC_IMPLICIT_RETAIN_SELF = YES;
				CLANG_WARN_OBJC_LITERAL_CONVERSION = YES;
				CLANG_WARN_OBJC_ROOT_CLASS = YES_ERROR;
				CLANG_WARN_RANGE_LOOP_ANALYSIS = YES;
				CLANG_WARN_STRICT_PROTOTYPES = YES;
				CLANG_WARN_SUSPICIOUS_MOVE = YES;
				CLANG_WARN_UNGUARDED_AVAILABILITY = YES_AGGRESSIVE;
				CLANG_WARN_UNREACHABLE_CODE = YES;
				CLANG_WARN__DUPLICATE_METHOD_MATCH = YES;
				COPY_PHASE_STRIP = NO;
				DEBUG_INFORMATION_FORMAT = dwarf;
				ENABLE_STRICT_OBJC_MSGSEND = YES;
				ENABLE_TESTABILITY = YES;
				GCC_C_LANGUAGE_STANDARD = gnu11;
				GCC_DYNAMIC_NO_PIC = NO;
				GCC_NO_COMMON_BLOCKS = YES;
				GCC_OPTIMIZATION_LEVEL = 0;
				GCC_PREPROCESSOR_DEFINITIONS = (
					"DEBUG=1",
					"$(inherited)",
				);
				GCC_WARN_64_TO_32_BIT_CONVERSION = YES;
				GCC_WARN_ABOUT_RETURN_TYPE = YES_ERROR;
				GCC_WARN_UNDECLARED_SELECTOR = YES;
				GCC_WARN_UNINITIALIZED_AUTOS = YES_AGGRESSIVE;
				GCC_WARN_UNUSED_FUNCTION = YES;
				GCC_WARN_UNUSED_VARIABLE = YES;
				IPHONEOS_DEPLOYMENT_TARGET = 13.2;
				MTL_ENABLE_DEBUG_INFO = INCLUDE_SOURCE;
				MTL_FAST_MATH = YES;
				ONLY_ACTIVE_ARCH = YES;
				SDKROOT = iphoneos;
				SWIFT_ACTIVE_COMPILATION_CONDITIONS = DEBUG;
				SWIFT_OPTIMIZATION_LEVEL = "-Onone";
			};
			name = Debug;
		};
		EB51996A237FE8D700049D67 /* Release */ = {
			isa = XCBuildConfiguration;
			buildSettings = {
				ALWAYS_SEARCH_USER_PATHS = NO;
				CLANG_ANALYZER_NONNULL = YES;
				CLANG_ANALYZER_NUMBER_OBJECT_CONVERSION = YES_AGGRESSIVE;
				CLANG_CXX_LANGUAGE_STANDARD = "gnu++14";
				CLANG_CXX_LIBRARY = "libc++";
				CLANG_ENABLE_MODULES = YES;
				CLANG_ENABLE_OBJC_ARC = YES;
				CLANG_ENABLE_OBJC_WEAK = YES;
				CLANG_WARN_BLOCK_CAPTURE_AUTORELEASING = YES;
				CLANG_WARN_BOOL_CONVERSION = YES;
				CLANG_WARN_COMMA = YES;
				CLANG_WARN_CONSTANT_CONVERSION = YES;
				CLANG_WARN_DEPRECATED_OBJC_IMPLEMENTATIONS = YES;
				CLANG_WARN_DIRECT_OBJC_ISA_USAGE = YES_ERROR;
				CLANG_WARN_DOCUMENTATION_COMMENTS = YES;
				CLANG_WARN_EMPTY_BODY = YES;
				CLANG_WARN_ENUM_CONVERSION = YES;
				CLANG_WARN_INFINITE_RECURSION = YES;
				CLANG_WARN_INT_CONVERSION = YES;
				CLANG_WARN_NON_LITERAL_NULL_CONVERSION = YES;
				CLANG_WARN_OBJC_IMPLICIT_RETAIN_SELF = YES;
				CLANG_WARN_OBJC_LITERAL_CONVERSION = YES;
				CLANG_WARN_OBJC_ROOT_CLASS = YES_ERROR;
				CLANG_WARN_RANGE_LOOP_ANALYSIS = YES;
				CLANG_WARN_STRICT_PROTOTYPES = YES;
				CLANG_WARN_SUSPICIOUS_MOVE = YES;
				CLANG_WARN_UNGUARDED_AVAILABILITY = YES_AGGRESSIVE;
				CLANG_WARN_UNREACHABLE_CODE = YES;
				CLANG_WARN__DUPLICATE_METHOD_MATCH = YES;
				COPY_PHASE_STRIP = NO;
				DEBUG_INFORMATION_FORMAT = "dwarf-with-dsym";
				ENABLE_NS_ASSERTIONS = NO;
				ENABLE_STRICT_OBJC_MSGSEND = YES;
				GCC_C_LANGUAGE_STANDARD = gnu11;
				GCC_NO_COMMON_BLOCKS = YES;
				GCC_WARN_64_TO_32_BIT_CONVERSION = YES;
				GCC_WARN_ABOUT_RETURN_TYPE = YES_ERROR;
				GCC_WARN_UNDECLARED_SELECTOR = YES;
				GCC_WARN_UNINITIALIZED_AUTOS = YES_AGGRESSIVE;
				GCC_WARN_UNUSED_FUNCTION = YES;
				GCC_WARN_UNUSED_VARIABLE = YES;
				IPHONEOS_DEPLOYMENT_TARGET = 13.2;
				MTL_ENABLE_DEBUG_INFO = NO;
				MTL_FAST_MATH = YES;
				SDKROOT = iphoneos;
				SWIFT_COMPILATION_MODE = wholemodule;
				SWIFT_OPTIMIZATION_LEVEL = "-O";
				VALIDATE_PRODUCT = YES;
			};
			name = Release;
		};
		EB51996C237FE8D700049D67 /* Debug */ = {
			isa = XCBuildConfiguration;
			baseConfigurationReference = D1F225A8E92E4A10AFE18A45 /* Pods-STSTestTask.debug.xcconfig */;
			buildSettings = {
				ASSETCATALOG_COMPILER_APPICON_NAME = AppIcon;
				CODE_SIGN_STYLE = Automatic;
				DEVELOPMENT_TEAM = T5WCZNQW23;
				INFOPLIST_FILE = STSTestTask/Resources/Info.plist;
				IPHONEOS_DEPLOYMENT_TARGET = 10.0;
				LD_RUNPATH_SEARCH_PATHS = (
					"$(inherited)",
					"@executable_path/Frameworks",
				);
				PRODUCT_BUNDLE_IDENTIFIER = "com.-bently-93.STSTestTask";
				PRODUCT_NAME = "$(TARGET_NAME)";
				SWIFT_VERSION = 5.0;
				TARGETED_DEVICE_FAMILY = "1,2";
			};
			name = Debug;
		};
		EB51996D237FE8D700049D67 /* Release */ = {
			isa = XCBuildConfiguration;
			baseConfigurationReference = 3BD85A0DAB1EE4D2D9010CA0 /* Pods-STSTestTask.release.xcconfig */;
			buildSettings = {
				ASSETCATALOG_COMPILER_APPICON_NAME = AppIcon;
				CODE_SIGN_STYLE = Automatic;
				DEVELOPMENT_TEAM = T5WCZNQW23;
				INFOPLIST_FILE = STSTestTask/Resources/Info.plist;
				IPHONEOS_DEPLOYMENT_TARGET = 10.0;
				LD_RUNPATH_SEARCH_PATHS = (
					"$(inherited)",
					"@executable_path/Frameworks",
				);
				PRODUCT_BUNDLE_IDENTIFIER = "com.-bently-93.STSTestTask";
				PRODUCT_NAME = "$(TARGET_NAME)";
				SWIFT_VERSION = 5.0;
				TARGETED_DEVICE_FAMILY = "1,2";
			};
			name = Release;
		};
		EB51996F237FE8D700049D67 /* Debug */ = {
			isa = XCBuildConfiguration;
			baseConfigurationReference = 2B167537787352C0E5F675A2 /* Pods-STSTestTaskTests.debug.xcconfig */;
			buildSettings = {
				ALWAYS_EMBED_SWIFT_STANDARD_LIBRARIES = YES;
				BUNDLE_LOADER = "$(TEST_HOST)";
				CODE_SIGN_STYLE = Automatic;
				DEVELOPMENT_TEAM = T5WCZNQW23;
				INFOPLIST_FILE = STSTestTaskTests/Info.plist;
				IPHONEOS_DEPLOYMENT_TARGET = 13.2;
				LD_RUNPATH_SEARCH_PATHS = (
					"$(inherited)",
					"@executable_path/Frameworks",
					"@loader_path/Frameworks",
				);
				PRODUCT_BUNDLE_IDENTIFIER = "com.-bently-93.STSTestTaskTests";
				PRODUCT_NAME = "$(TARGET_NAME)";
				SWIFT_VERSION = 5.0;
				TARGETED_DEVICE_FAMILY = "1,2";
				TEST_HOST = "$(BUILT_PRODUCTS_DIR)/STSTestTask.app/STSTestTask";
			};
			name = Debug;
		};
		EB519970237FE8D700049D67 /* Release */ = {
			isa = XCBuildConfiguration;
			baseConfigurationReference = C915BB772B017F67642E2227 /* Pods-STSTestTaskTests.release.xcconfig */;
			buildSettings = {
				ALWAYS_EMBED_SWIFT_STANDARD_LIBRARIES = YES;
				BUNDLE_LOADER = "$(TEST_HOST)";
				CODE_SIGN_STYLE = Automatic;
				DEVELOPMENT_TEAM = T5WCZNQW23;
				INFOPLIST_FILE = STSTestTaskTests/Info.plist;
				IPHONEOS_DEPLOYMENT_TARGET = 13.2;
				LD_RUNPATH_SEARCH_PATHS = (
					"$(inherited)",
					"@executable_path/Frameworks",
					"@loader_path/Frameworks",
				);
				PRODUCT_BUNDLE_IDENTIFIER = "com.-bently-93.STSTestTaskTests";
				PRODUCT_NAME = "$(TARGET_NAME)";
				SWIFT_VERSION = 5.0;
				TARGETED_DEVICE_FAMILY = "1,2";
				TEST_HOST = "$(BUILT_PRODUCTS_DIR)/STSTestTask.app/STSTestTask";
			};
			name = Release;
		};
/* End XCBuildConfiguration section */

/* Begin XCConfigurationList section */
		EB519947237FE8D500049D67 /* Build configuration list for PBXProject "STSTestTask" */ = {
			isa = XCConfigurationList;
			buildConfigurations = (
				EB519969237FE8D700049D67 /* Debug */,
				EB51996A237FE8D700049D67 /* Release */,
			);
			defaultConfigurationIsVisible = 0;
			defaultConfigurationName = Release;
		};
		EB51996B237FE8D700049D67 /* Build configuration list for PBXNativeTarget "STSTestTask" */ = {
			isa = XCConfigurationList;
			buildConfigurations = (
				EB51996C237FE8D700049D67 /* Debug */,
				EB51996D237FE8D700049D67 /* Release */,
			);
			defaultConfigurationIsVisible = 0;
			defaultConfigurationName = Release;
		};
		EB51996E237FE8D700049D67 /* Build configuration list for PBXNativeTarget "STSTestTaskTests" */ = {
			isa = XCConfigurationList;
			buildConfigurations = (
				EB51996F237FE8D700049D67 /* Debug */,
				EB519970237FE8D700049D67 /* Release */,
			);
			defaultConfigurationIsVisible = 0;
			defaultConfigurationName = Release;
		};
/* End XCConfigurationList section */
	};
	rootObject = EB519944237FE8D500049D67 /* Project object */;
}
